// !$*UTF8*$!
{
	archiveVersion = 1;
	classes = {
	};
	objectVersion = 46;
	objects = {

/* Begin PBXBuildFile section */
		952162EF146FE5D000A29E71 /* UIKit.framework in Frameworks */ = {isa = PBXBuildFile; fileRef = 952162EE146FE5D000A29E71 /* UIKit.framework */; };
		952162F1146FE5D000A29E71 /* Foundation.framework in Frameworks */ = {isa = PBXBuildFile; fileRef = 952162F0146FE5D000A29E71 /* Foundation.framework */; };
		952162F3146FE5D000A29E71 /* CoreGraphics.framework in Frameworks */ = {isa = PBXBuildFile; fileRef = 952162F2146FE5D000A29E71 /* CoreGraphics.framework */; };
		952162F9146FE5D000A29E71 /* InfoPlist.strings in Resources */ = {isa = PBXBuildFile; fileRef = 952162F7146FE5D000A29E71 /* InfoPlist.strings */; };
		952162FB146FE5D000A29E71 /* main.m in Sources */ = {isa = PBXBuildFile; fileRef = 952162FA146FE5D000A29E71 /* main.m */; };
		952162FF146FE5D000A29E71 /* PCAppDelegate.m in Sources */ = {isa = PBXBuildFile; fileRef = 952162FE146FE5D000A29E71 /* PCAppDelegate.m */; };
		95216307146FE9A100A29E71 /* PCBorderView.m in Sources */ = {isa = PBXBuildFile; fileRef = 95216306146FE9A100A29E71 /* PCBorderView.m */; };
		95216309146FF0E300A29E71 /* QuartzCore.framework in Frameworks */ = {isa = PBXBuildFile; fileRef = 95216308146FF0E300A29E71 /* QuartzCore.framework */; };
/* End PBXBuildFile section */

/* Begin PBXFileReference section */
		952162EA146FE5D000A29E71 /* PerfectCrossfade.app */ = {isa = PBXFileReference; explicitFileType = wrapper.application; includeInIndex = 0; path = PerfectCrossfade.app; sourceTree = BUILT_PRODUCTS_DIR; };
		952162EE146FE5D000A29E71 /* UIKit.framework */ = {isa = PBXFileReference; lastKnownFileType = wrapper.framework; name = UIKit.framework; path = System/Library/Frameworks/UIKit.framework; sourceTree = SDKROOT; };
		952162F0146FE5D000A29E71 /* Foundation.framework */ = {isa = PBXFileReference; lastKnownFileType = wrapper.framework; name = Foundation.framework; path = System/Library/Frameworks/Foundation.framework; sourceTree = SDKROOT; };
		952162F2146FE5D000A29E71 /* CoreGraphics.framework */ = {isa = PBXFileReference; lastKnownFileType = wrapper.framework; name = CoreGraphics.framework; path = System/Library/Frameworks/CoreGraphics.framework; sourceTree = SDKROOT; };
		952162F6146FE5D000A29E71 /* PerfectCrossfade-Info.plist */ = {isa = PBXFileReference; lastKnownFileType = text.plist.xml; path = "PerfectCrossfade-Info.plist"; sourceTree = "<group>"; };
		952162F8146FE5D000A29E71 /* en */ = {isa = PBXFileReference; lastKnownFileType = text.plist.strings; name = en; path = en.lproj/InfoPlist.strings; sourceTree = "<group>"; };
		952162FA146FE5D000A29E71 /* main.m */ = {isa = PBXFileReference; lastKnownFileType = sourcecode.c.objc; path = main.m; sourceTree = "<group>"; };
		952162FC146FE5D000A29E71 /* PerfectCrossfade-Prefix.pch */ = {isa = PBXFileReference; lastKnownFileType = sourcecode.c.h; path = "PerfectCrossfade-Prefix.pch"; sourceTree = "<group>"; };
		952162FD146FE5D000A29E71 /* PCAppDelegate.h */ = {isa = PBXFileReference; lastKnownFileType = sourcecode.c.h; path = PCAppDelegate.h; sourceTree = "<group>"; };
		952162FE146FE5D000A29E71 /* PCAppDelegate.m */ = {isa = PBXFileReference; lastKnownFileType = sourcecode.c.objc; path = PCAppDelegate.m; sourceTree = "<group>"; };
		95216305146FE9A100A29E71 /* PCBorderView.h */ = {isa = PBXFileReference; fileEncoding = 4; lastKnownFileType = sourcecode.c.h; path = PCBorderView.h; sourceTree = "<group>"; };
		95216306146FE9A100A29E71 /* PCBorderView.m */ = {isa = PBXFileReference; fileEncoding = 4; lastKnownFileType = sourcecode.c.objc; path = PCBorderView.m; sourceTree = "<group>"; };
		95216308146FF0E300A29E71 /* QuartzCore.framework */ = {isa = PBXFileReference; lastKnownFileType = wrapper.framework; name = QuartzCore.framework; path = System/Library/Frameworks/QuartzCore.framework; sourceTree = SDKROOT; };
/* End PBXFileReference section */

/* Begin PBXFrameworksBuildPhase section */
		952162E7146FE5D000A29E71 /* Frameworks */ = {
			isa = PBXFrameworksBuildPhase;
			buildActionMask = 2147483647;
			files = (
				952162EF146FE5D000A29E71 /* UIKit.framework in Frameworks */,
				952162F1146FE5D000A29E71 /* Foundation.framework in Frameworks */,
				952162F3146FE5D000A29E71 /* CoreGraphics.framework in Frameworks */,
				95216309146FF0E300A29E71 /* QuartzCore.framework in Frameworks */,
			);
			runOnlyForDeploymentPostprocessing = 0;
		};
/* End PBXFrameworksBuildPhase section */

/* Begin PBXGroup section */
		952162DF146FE5D000A29E71 = {
			isa = PBXGroup;
			children = (
				952162F4146FE5D000A29E71 /* PerfectCrossfade */,
				952162ED146FE5D000A29E71 /* Frameworks */,
				952162EB146FE5D000A29E71 /* Products */,
			);
			sourceTree = "<group>";
		};
		952162EB146FE5D000A29E71 /* Products */ = {
			isa = PBXGroup;
			children = (
				952162EA146FE5D000A29E71 /* PerfectCrossfade.app */,
			);
			name = Products;
			sourceTree = "<group>";
		};
		952162ED146FE5D000A29E71 /* Frameworks */ = {
			isa = PBXGroup;
			children = (
				95216308146FF0E300A29E71 /* QuartzCore.framework */,
				952162EE146FE5D000A29E71 /* UIKit.framework */,
				952162F0146FE5D000A29E71 /* Foundation.framework */,
				952162F2146FE5D000A29E71 /* CoreGraphics.framework */,
			);
			name = Frameworks;
			sourceTree = "<group>";
		};
		952162F4146FE5D000A29E71 /* PerfectCrossfade */ = {
			isa = PBXGroup;
			children = (
				952162FD146FE5D000A29E71 /* PCAppDelegate.h */,
				952162FE146FE5D000A29E71 /* PCAppDelegate.m */,
				952162F5146FE5D000A29E71 /* Supporting Files */,
				95216305146FE9A100A29E71 /* PCBorderView.h */,
				95216306146FE9A100A29E71 /* PCBorderView.m */,
			);
			path = PerfectCrossfade;
			sourceTree = "<group>";
		};
		952162F5146FE5D000A29E71 /* Supporting Files */ = {
			isa = PBXGroup;
			children = (
				952162F6146FE5D000A29E71 /* PerfectCrossfade-Info.plist */,
				952162F7146FE5D000A29E71 /* InfoPlist.strings */,
				952162FA146FE5D000A29E71 /* main.m */,
				952162FC146FE5D000A29E71 /* PerfectCrossfade-Prefix.pch */,
			);
			name = "Supporting Files";
			sourceTree = "<group>";
		};
/* End PBXGroup section */

/* Begin PBXNativeTarget section */
		952162E9146FE5D000A29E71 /* PerfectCrossfade */ = {
			isa = PBXNativeTarget;
			buildConfigurationList = 95216302146FE5D000A29E71 /* Build configuration list for PBXNativeTarget "PerfectCrossfade" */;
			buildPhases = (
				952162E6146FE5D000A29E71 /* Sources */,
				952162E7146FE5D000A29E71 /* Frameworks */,
				952162E8146FE5D000A29E71 /* Resources */,
			);
			buildRules = (
			);
			dependencies = (
			);
			name = PerfectCrossfade;
			productName = PerfectCrossfade;
			productReference = 952162EA146FE5D000A29E71 /* PerfectCrossfade.app */;
			productType = "com.apple.product-type.application";
		};
/* End PBXNativeTarget section */

/* Begin PBXProject section */
		952162E1146FE5D000A29E71 /* Project object */ = {
			isa = PBXProject;
			attributes = {
				LastUpgradeCheck = 0420;
				ORGANIZATIONNAME = epologee;
			};
			buildConfigurationList = 952162E4146FE5D000A29E71 /* Build configuration list for PBXProject "PerfectCrossfade" */;
			compatibilityVersion = "Xcode 3.2";
			developmentRegion = English;
			hasScannedForEncodings = 0;
			knownRegions = (
				en,
			);
			mainGroup = 952162DF146FE5D000A29E71;
			productRefGroup = 952162EB146FE5D000A29E71 /* Products */;
			projectDirPath = "";
			projectRoot = "";
			targets = (
				952162E9146FE5D000A29E71 /* PerfectCrossfade */,
			);
		};
/* End PBXProject section */

/* Begin PBXResourcesBuildPhase section */
		952162E8146FE5D000A29E71 /* Resources */ = {
			isa = PBXResourcesBuildPhase;
			buildActionMask = 2147483647;
			files = (
				952162F9146FE5D000A29E71 /* InfoPlist.strings in Resources */,
			);
			runOnlyForDeploymentPostprocessing = 0;
		};
/* End PBXResourcesBuildPhase section */

/* Begin PBXSourcesBuildPhase section */
		952162E6146FE5D000A29E71 /* Sources */ = {
			isa = PBXSourcesBuildPhase;
			buildActionMask = 2147483647;
			files = (
				952162FB146FE5D000A29E71 /* main.m in Sources */,
				952162FF146FE5D000A29E71 /* PCAppDelegate.m in Sources */,
				95216307146FE9A100A29E71 /* PCBorderView.m in Sources */,
			);
			runOnlyForDeploymentPostprocessing = 0;
		};
/* End PBXSourcesBuildPhase section */

/* Begin PBXVariantGroup section */
		952162F7146FE5D000A29E71 /* InfoPlist.strings */ = {
			isa = PBXVariantGroup;
			children = (
				952162F8146FE5D000A29E71 /* en */,
			);
			name = InfoPlist.strings;
			sourceTree = "<group>";
		};
/* End PBXVariantGroup section */

/* Begin XCBuildConfiguration section */
		95216300146FE5D000A29E71 /* Debug */ = {
			isa = XCBuildConfiguration;
			buildSettings = {
				ALWAYS_SEARCH_USER_PATHS = NO;
				ARCHS = "$(ARCHS_STANDARD_32_BIT)";
				CLANG_ENABLE_OBJC_ARC = YES;
				"CODE_SIGN_IDENTITY[sdk=iphoneos*]" = "iPhone Developer";
				COPY_PHASE_STRIP = NO;
				GCC_C_LANGUAGE_STANDARD = gnu99;
				GCC_DYNAMIC_NO_PIC = NO;
				GCC_OPTIMIZATION_LEVEL = 0;
				GCC_PREPROCESSOR_DEFINITIONS = (
					"DEBUG=1",
					"$(inherited)",
				);
				GCC_SYMBOLS_PRIVATE_EXTERN = NO;
				GCC_VERSION = com.apple.compilers.llvm.clang.1_0;
				GCC_WARN_ABOUT_MISSING_PROTOTYPES = YES;
				GCC_WARN_ABOUT_RETURN_TYPE = YES;
				GCC_WARN_UNUSED_VARIABLE = YES;
				IPHONEOS_DEPLOYMENT_TARGET = 5.0;
				SDKROOT = iphoneos;
			};
			name = Debug;
		};
		95216301146FE5D000A29E71 /* Release */ = {
			isa = XCBuildConfiguration;
			buildSettings = {
				ALWAYS_SEARCH_USER_PATHS = NO;
				ARCHS = "$(ARCHS_STANDARD_32_BIT)";
				CLANG_ENABLE_OBJC_ARC = YES;
				"CODE_SIGN_IDENTITY[sdk=iphoneos*]" = "iPhone Developer";
				COPY_PHASE_STRIP = YES;
				GCC_C_LANGUAGE_STANDARD = gnu99;
				GCC_VERSION = com.apple.compilers.llvm.clang.1_0;
				GCC_WARN_ABOUT_MISSING_PROTOTYPES = YES;
				GCC_WARN_ABOUT_RETURN_TYPE = YES;
				GCC_WARN_UNUSED_VARIABLE = YES;
				IPHONEOS_DEPLOYMENT_TARGET = 5.0;
				OTHER_CFLAGS = "-DNS_BLOCK_ASSERTIONS=1";
				SDKROOT = iphoneos;
				VALIDATE_PRODUCT = YES;
			};
			name = Release;
		};
		95216303146FE5D000A29E71 /* Debug */ = {
			isa = XCBuildConfiguration;
			buildSettings = {
				GCC_PRECOMPILE_PREFIX_HEADER = YES;
				GCC_PREFIX_HEADER = "PerfectCrossfade/PerfectCrossfade-Prefix.pch";
				INFOPLIST_FILE = "PerfectCrossfade/PerfectCrossfade-Info.plist";
				PRODUCT_NAME = "$(TARGET_NAME)";
				WRAPPER_EXTENSION = app;
			};
			name = Debug;
		};
		95216304146FE5D000A29E71 /* Release */ = {
			isa = XCBuildConfiguration;
			buildSettings = {
				GCC_PRECOMPILE_PREFIX_HEADER = YES;
				GCC_PREFIX_HEADER = "PerfectCrossfade/PerfectCrossfade-Prefix.pch";
				INFOPLIST_FILE = "PerfectCrossfade/PerfectCrossfade-Info.plist";
				PRODUCT_NAME = "$(TARGET_NAME)";
				WRAPPER_EXTENSION = app;
			};
			name = Release;
		};
/* End XCBuildConfiguration section */

/* Begin XCConfigurationList section */
		952162E4146FE5D000A29E71 /* Build configuration list for PBXProject "PerfectCrossfade" */ = {
			isa = XCConfigurationList;
			buildConfigurations = (
				95216300146FE5D000A29E71 /* Debug */,
				95216301146FE5D000A29E71 /* Release */,
			);
			defaultConfigurationIsVisible = 0;
			defaultConfigurationName = Release;
		};
		95216302146FE5D000A29E71 /* Build configuration list for PBXNativeTarget "PerfectCrossfade" */ = {
			isa = XCConfigurationList;
			buildConfigurations = (
				95216303146FE5D000A29E71 /* Debug */,
				95216304146FE5D000A29E71 /* Release */,
			);
			defaultConfigurationIsVisible = 0;
		};
/* End XCConfigurationList section */
	};
	rootObject = 952162E1146FE5D000A29E71 /* Project object */;
}
